
Microsoft Visual Studio Solution File, Format Version 12.00
# Visual Studio Version 16
VisualStudioVersion = 16.0.30204.135
MinimumVisualStudioVersion = 10.0.40219.1
Project("{FAE04EC0-301F-11D3-BF4B-00C04F79EFBC}") = "ConsoleApp1", "ConsoleApp1\ConsoleApp1.csproj", "{F3AAC5DF-8369-4F1B-9DA6-8B991E310C26}"
EndProject
Global
	GlobalSection(SolutionConfigurationPlatforms) = preSolution
		Debug|Any CPU = Debug|Any CPU
		Release|Any CPU = Release|Any CPU
	EndGlobalSection
	GlobalSection(ProjectConfigurationPlatforms) = postSolution
		{F3AAC5DF-8369-4F1B-9DA6-8B991E310C26}.Debug|Any CPU.ActiveCfg = Debug|Any CPU
		{F3AAC5DF-8369-4F1B-9DA6-8B991E310C26}.Debug|Any CPU.Build.0 = Debug|Any CPU
		{F3AAC5DF-8369-4F1B-9DA6-8B991E310C26}.Release|Any CPU.ActiveCfg = Release|Any CPU
		{F3AAC5DF-8369-4F1B-9DA6-8B991E310C26}.Release|Any CPU.Build.0 = Release|Any CPU
	EndGlobalSection
	GlobalSection(SolutionProperties) = preSolution
		HideSolutionNode = FALSE
	EndGlobalSection
	GlobalSection(ExtensibilityGlobals) = postSolution
		SolutionGuid = {B9549957-9B6A-4C14-B6C2-856BED6A94BC}
	EndGlobalSection
EndGlobal
